
Microsoft Visual Studio Solution File, Format Version 12.00
# Visual Studio 15
VisualStudioVersion = 15.0.28307.329
MinimumVisualStudioVersion = 10.0.40219.1
Project("{FAE04EC0-301F-11D3-BF4B-00C04F79EFBC}") = "Sistema_Clasificador_De_Archivos_Web", "Sistema_Clasificador_De_Archivos_Web\Sistema_Clasificador_De_Archivos_Web.csproj", "{4D7ACCA7-10BF-4568-9601-DB81509FE254}"
EndProject
Project("{FAE04EC0-301F-11D3-BF4B-00C04F79EFBC}") = "Capa_Negocio", "Capa_Negocio\Capa_Negocio.csproj", "{552EFF8B-A4E7-4EE1-8B9E-8575DBD23902}"
EndProject
Project("{FAE04EC0-301F-11D3-BF4B-00C04F79EFBC}") = "Capa_Datos", "Capa_Datos\Capa_Datos.csproj", "{E2EEFFE7-1A54-4571-BCB0-9A8F3A74DA2B}"
EndProject
Project("{FAE04EC0-301F-11D3-BF4B-00C04F79EFBC}") = "Capa_Entidades", "Capa_Entidades\Capa_Entidades.csproj", "{732E3C9E-54BA-48A5-8F0A-034454277331}"
EndProject
Global
	GlobalSection(SolutionConfigurationPlatforms) = preSolution
		Debug|Any CPU = Debug|Any CPU
		Release|Any CPU = Release|Any CPU
	EndGlobalSection
	GlobalSection(ProjectConfigurationPlatforms) = postSolution
		{4D7ACCA7-10BF-4568-9601-DB81509FE254}.Debug|Any CPU.ActiveCfg = Debug|Any CPU
		{4D7ACCA7-10BF-4568-9601-DB81509FE254}.Debug|Any CPU.Build.0 = Debug|Any CPU
		{4D7ACCA7-10BF-4568-9601-DB81509FE254}.Release|Any CPU.ActiveCfg = Release|Any CPU
		{4D7ACCA7-10BF-4568-9601-DB81509FE254}.Release|Any CPU.Build.0 = Release|Any CPU
		{552EFF8B-A4E7-4EE1-8B9E-8575DBD23902}.Debug|Any CPU.ActiveCfg = Debug|Any CPU
		{552EFF8B-A4E7-4EE1-8B9E-8575DBD23902}.Debug|Any CPU.Build.0 = Debug|Any CPU
		{552EFF8B-A4E7-4EE1-8B9E-8575DBD23902}.Release|Any CPU.ActiveCfg = Release|Any CPU
		{552EFF8B-A4E7-4EE1-8B9E-8575DBD23902}.Release|Any CPU.Build.0 = Release|Any CPU
		{E2EEFFE7-1A54-4571-BCB0-9A8F3A74DA2B}.Debug|Any CPU.ActiveCfg = Debug|Any CPU
		{E2EEFFE7-1A54-4571-BCB0-9A8F3A74DA2B}.Debug|Any CPU.Build.0 = Debug|Any CPU
		{E2EEFFE7-1A54-4571-BCB0-9A8F3A74DA2B}.Release|Any CPU.ActiveCfg = Release|Any CPU
		{E2EEFFE7-1A54-4571-BCB0-9A8F3A74DA2B}.Release|Any CPU.Build.0 = Release|Any CPU
		{732E3C9E-54BA-48A5-8F0A-034454277331}.Debug|Any CPU.ActiveCfg = Debug|Any CPU
		{732E3C9E-54BA-48A5-8F0A-034454277331}.Debug|Any CPU.Build.0 = Debug|Any CPU
		{732E3C9E-54BA-48A5-8F0A-034454277331}.Release|Any CPU.ActiveCfg = Release|Any CPU
		{732E3C9E-54BA-48A5-8F0A-034454277331}.Release|Any CPU.Build.0 = Release|Any CPU
	EndGlobalSection
	GlobalSection(SolutionProperties) = preSolution
		HideSolutionNode = FALSE
	EndGlobalSection
	GlobalSection(ExtensibilityGlobals) = postSolution
		SolutionGuid = {B4B7C2B1-B5EE-4945-A4D4-318FCC6659A6}
	EndGlobalSection
EndGlobal
